
Microsoft Visual Studio Solution File, Format Version 12.00
# Visual Studio Version 17
VisualStudioVersion = 17.9.34728.123
MinimumVisualStudioVersion = 10.0.40219.1
Project("{FAE04EC0-301F-11D3-BF4B-00C04F79EFBC}") = "MenuEsteticoConsola", "MenuEsteticoConsola\MenuEsteticoConsola.csproj", "{00983A30-A894-4539-AE91-3AB040A1F830}"
EndProject
Global
	GlobalSection(SolutionConfigurationPlatforms) = preSolution
		Debug|Any CPU = Debug|Any CPU
		Release|Any CPU = Release|Any CPU
	EndGlobalSection
	GlobalSection(ProjectConfigurationPlatforms) = postSolution
		{00983A30-A894-4539-AE91-3AB040A1F830}.Debug|Any CPU.ActiveCfg = Debug|Any CPU
		{00983A30-A894-4539-AE91-3AB040A1F830}.Debug|Any CPU.Build.0 = Debug|Any CPU
		{00983A30-A894-4539-AE91-3AB040A1F830}.Release|Any CPU.ActiveCfg = Release|Any CPU
		{00983A30-A894-4539-AE91-3AB040A1F830}.Release|Any CPU.Build.0 = Release|Any CPU
	EndGlobalSection
	GlobalSection(SolutionProperties) = preSolution
		HideSolutionNode = FALSE
	EndGlobalSection
	GlobalSection(ExtensibilityGlobals) = postSolution
		SolutionGuid = {0FE4F733-A72C-42CE-A957-74F5A9381094}
	EndGlobalSection
EndGlobal
